// !$*UTF8*$!
{
	archiveVersion = 1;
	classes = {
	};
	objectVersion = 50;
	objects = {

/* Begin PBXBuildFile section */
		9C4E3ABA2261A3520017FC74 /* LengthOfLongestSubstring_Medium_3.m in Sources */ = {isa = PBXBuildFile; fileRef = 9C4E3AB92261A3520017FC74 /* LengthOfLongestSubstring_Medium_3.m */; };
		9C4E3ABE2261A8DE0017FC74 /* Flatten2DVector_mudium_251.m in Sources */ = {isa = PBXBuildFile; fileRef = 9C4E3ABD2261A8DE0017FC74 /* Flatten2DVector_mudium_251.m */; };
		9C4E3AC12261AE410017FC74 /* DetectLinkListCircle_medium_142.m in Sources */ = {isa = PBXBuildFile; fileRef = 9C4E3AC02261AE410017FC74 /* DetectLinkListCircle_medium_142.m */; };
		9C4E3AC42261B12D0017FC74 /* LinkList.m in Sources */ = {isa = PBXBuildFile; fileRef = 9C4E3AC32261B12D0017FC74 /* LinkList.m */; };
		9C50275A225D8C10007B7E9F /* AppDelegate.m in Sources */ = {isa = PBXBuildFile; fileRef = 9C502759225D8C10007B7E9F /* AppDelegate.m */; };
		9C50275D225D8C10007B7E9F /* ViewController.m in Sources */ = {isa = PBXBuildFile; fileRef = 9C50275C225D8C10007B7E9F /* ViewController.m */; };
		9C502760225D8C10007B7E9F /* Main.storyboard in Resources */ = {isa = PBXBuildFile; fileRef = 9C50275E225D8C10007B7E9F /* Main.storyboard */; };
		9C502762225D8C12007B7E9F /* Assets.xcassets in Resources */ = {isa = PBXBuildFile; fileRef = 9C502761225D8C12007B7E9F /* Assets.xcassets */; };
		9C502765225D8C12007B7E9F /* LaunchScreen.storyboard in Resources */ = {isa = PBXBuildFile; fileRef = 9C502763225D8C12007B7E9F /* LaunchScreen.storyboard */; };
		9C502768225D8C12007B7E9F /* main.m in Sources */ = {isa = PBXBuildFile; fileRef = 9C502767225D8C12007B7E9F /* main.m */; };
		9C502772225D8C12007B7E9F /* MyAlgorithmPracticeTests.m in Sources */ = {isa = PBXBuildFile; fileRef = 9C502771225D8C12007B7E9F /* MyAlgorithmPracticeTests.m */; };
		9C50277D225D8C12007B7E9F /* MyAlgorithmPracticeUITests.m in Sources */ = {isa = PBXBuildFile; fileRef = 9C50277C225D8C12007B7E9F /* MyAlgorithmPracticeUITests.m */; };
		9C50278D225D8E34007B7E9F /* QuickSort.m in Sources */ = {isa = PBXBuildFile; fileRef = 9C50278C225D8E34007B7E9F /* QuickSort.m */; };
		9C502790225D8E44007B7E9F /* MergeSort.m in Sources */ = {isa = PBXBuildFile; fileRef = 9C50278F225D8E44007B7E9F /* MergeSort.m */; };
		9C502796225D94A7007B7E9F /* InsertSort.m in Sources */ = {isa = PBXBuildFile; fileRef = 9C502795225D94A7007B7E9F /* InsertSort.m */; };
		9C50279A225D97B4007B7E9F /* Util.m in Sources */ = {isa = PBXBuildFile; fileRef = 9C502799225D97B4007B7E9F /* Util.m */; };
		9C50279E225DE4D1007B7E9F /* BSearch.m in Sources */ = {isa = PBXBuildFile; fileRef = 9C50279D225DE4D1007B7E9F /* BSearch.m */; };
/* End PBXBuildFile section */

/* Begin PBXContainerItemProxy section */
		9C50276E225D8C12007B7E9F /* PBXContainerItemProxy */ = {
			isa = PBXContainerItemProxy;
			containerPortal = 9C50274D225D8C10007B7E9F /* Project object */;
			proxyType = 1;
			remoteGlobalIDString = 9C502754225D8C10007B7E9F;
			remoteInfo = MyAlgorithmPractice;
		};
		9C502779225D8C12007B7E9F /* PBXContainerItemProxy */ = {
			isa = PBXContainerItemProxy;
			containerPortal = 9C50274D225D8C10007B7E9F /* Project object */;
			proxyType = 1;
			remoteGlobalIDString = 9C502754225D8C10007B7E9F;
			remoteInfo = MyAlgorithmPractice;
		};
/* End PBXContainerItemProxy section */

/* Begin PBXFileReference section */
		9C4E3AB82261A3520017FC74 /* LengthOfLongestSubstring_Medium_3.h */ = {isa = PBXFileReference; lastKnownFileType = sourcecode.c.h; path = LengthOfLongestSubstring_Medium_3.h; sourceTree = "<group>"; };
		9C4E3AB92261A3520017FC74 /* LengthOfLongestSubstring_Medium_3.m */ = {isa = PBXFileReference; lastKnownFileType = sourcecode.c.objc; path = LengthOfLongestSubstring_Medium_3.m; sourceTree = "<group>"; };
		9C4E3ABC2261A8DE0017FC74 /* Flatten2DVector_mudium_251.h */ = {isa = PBXFileReference; lastKnownFileType = sourcecode.c.h; path = Flatten2DVector_mudium_251.h; sourceTree = "<group>"; };
		9C4E3ABD2261A8DE0017FC74 /* Flatten2DVector_mudium_251.m */ = {isa = PBXFileReference; lastKnownFileType = sourcecode.c.objc; path = Flatten2DVector_mudium_251.m; sourceTree = "<group>"; };
		9C4E3ABF2261AE410017FC74 /* DetectLinkListCircle_medium_142.h */ = {isa = PBXFileReference; lastKnownFileType = sourcecode.c.h; path = DetectLinkListCircle_medium_142.h; sourceTree = "<group>"; };
		9C4E3AC02261AE410017FC74 /* DetectLinkListCircle_medium_142.m */ = {isa = PBXFileReference; lastKnownFileType = sourcecode.c.objc; path = DetectLinkListCircle_medium_142.m; sourceTree = "<group>"; };
		9C4E3AC22261B12D0017FC74 /* LinkList.h */ = {isa = PBXFileReference; lastKnownFileType = sourcecode.c.h; path = LinkList.h; sourceTree = "<group>"; };
		9C4E3AC32261B12D0017FC74 /* LinkList.m */ = {isa = PBXFileReference; lastKnownFileType = sourcecode.c.objc; path = LinkList.m; sourceTree = "<group>"; };
		9C502755225D8C10007B7E9F /* MyAlgorithmPractice.app */ = {isa = PBXFileReference; explicitFileType = wrapper.application; includeInIndex = 0; path = MyAlgorithmPractice.app; sourceTree = BUILT_PRODUCTS_DIR; };
		9C502758225D8C10007B7E9F /* AppDelegate.h */ = {isa = PBXFileReference; lastKnownFileType = sourcecode.c.h; path = AppDelegate.h; sourceTree = "<group>"; };
		9C502759225D8C10007B7E9F /* AppDelegate.m */ = {isa = PBXFileReference; lastKnownFileType = sourcecode.c.objc; path = AppDelegate.m; sourceTree = "<group>"; };
		9C50275B225D8C10007B7E9F /* ViewController.h */ = {isa = PBXFileReference; lastKnownFileType = sourcecode.c.h; path = ViewController.h; sourceTree = "<group>"; };
		9C50275C225D8C10007B7E9F /* ViewController.m */ = {isa = PBXFileReference; lastKnownFileType = sourcecode.c.objc; path = ViewController.m; sourceTree = "<group>"; };
		9C50275F225D8C10007B7E9F /* Base */ = {isa = PBXFileReference; lastKnownFileType = file.storyboard; name = Base; path = Base.lproj/Main.storyboard; sourceTree = "<group>"; };
		9C502761225D8C12007B7E9F /* Assets.xcassets */ = {isa = PBXFileReference; lastKnownFileType = folder.assetcatalog; path = Assets.xcassets; sourceTree = "<group>"; };
		9C502764225D8C12007B7E9F /* Base */ = {isa = PBXFileReference; lastKnownFileType = file.storyboard; name = Base; path = Base.lproj/LaunchScreen.storyboard; sourceTree = "<group>"; };
		9C502766225D8C12007B7E9F /* Info.plist */ = {isa = PBXFileReference; lastKnownFileType = text.plist.xml; path = Info.plist; sourceTree = "<group>"; };
		9C502767225D8C12007B7E9F /* main.m */ = {isa = PBXFileReference; lastKnownFileType = sourcecode.c.objc; path = main.m; sourceTree = "<group>"; };
		9C50276D225D8C12007B7E9F /* MyAlgorithmPracticeTests.xctest */ = {isa = PBXFileReference; explicitFileType = wrapper.cfbundle; includeInIndex = 0; path = MyAlgorithmPracticeTests.xctest; sourceTree = BUILT_PRODUCTS_DIR; };
		9C502771225D8C12007B7E9F /* MyAlgorithmPracticeTests.m */ = {isa = PBXFileReference; lastKnownFileType = sourcecode.c.objc; path = MyAlgorithmPracticeTests.m; sourceTree = "<group>"; };
		9C502773225D8C12007B7E9F /* Info.plist */ = {isa = PBXFileReference; lastKnownFileType = text.plist.xml; path = Info.plist; sourceTree = "<group>"; };
		9C502778225D8C12007B7E9F /* MyAlgorithmPracticeUITests.xctest */ = {isa = PBXFileReference; explicitFileType = wrapper.cfbundle; includeInIndex = 0; path = MyAlgorithmPracticeUITests.xctest; sourceTree = BUILT_PRODUCTS_DIR; };
		9C50277C225D8C12007B7E9F /* MyAlgorithmPracticeUITests.m */ = {isa = PBXFileReference; lastKnownFileType = sourcecode.c.objc; path = MyAlgorithmPracticeUITests.m; sourceTree = "<group>"; };
		9C50277E225D8C12007B7E9F /* Info.plist */ = {isa = PBXFileReference; lastKnownFileType = text.plist.xml; path = Info.plist; sourceTree = "<group>"; };
		9C50278B225D8E34007B7E9F /* QuickSort.h */ = {isa = PBXFileReference; lastKnownFileType = sourcecode.c.h; path = QuickSort.h; sourceTree = "<group>"; };
		9C50278C225D8E34007B7E9F /* QuickSort.m */ = {isa = PBXFileReference; lastKnownFileType = sourcecode.c.objc; path = QuickSort.m; sourceTree = "<group>"; };
		9C50278E225D8E44007B7E9F /* MergeSort.h */ = {isa = PBXFileReference; lastKnownFileType = sourcecode.c.h; path = MergeSort.h; sourceTree = "<group>"; };
		9C50278F225D8E44007B7E9F /* MergeSort.m */ = {isa = PBXFileReference; lastKnownFileType = sourcecode.c.objc; path = MergeSort.m; sourceTree = "<group>"; };
		9C502791225D8ED1007B7E9F /* ArrayDealer.h */ = {isa = PBXFileReference; lastKnownFileType = sourcecode.c.h; path = ArrayDealer.h; sourceTree = "<group>"; };
		9C502794225D94A7007B7E9F /* InsertSort.h */ = {isa = PBXFileReference; lastKnownFileType = sourcecode.c.h; path = InsertSort.h; sourceTree = "<group>"; };
		9C502795225D94A7007B7E9F /* InsertSort.m */ = {isa = PBXFileReference; lastKnownFileType = sourcecode.c.objc; path = InsertSort.m; sourceTree = "<group>"; };
		9C502798225D97B4007B7E9F /* Util.h */ = {isa = PBXFileReference; lastKnownFileType = sourcecode.c.h; path = Util.h; sourceTree = "<group>"; };
		9C502799225D97B4007B7E9F /* Util.m */ = {isa = PBXFileReference; lastKnownFileType = sourcecode.c.objc; path = Util.m; sourceTree = "<group>"; };
		9C50279B225DABBF007B7E9F /* PrefixHeader.pch */ = {isa = PBXFileReference; lastKnownFileType = sourcecode.c.h; path = PrefixHeader.pch; sourceTree = "<group>"; };
		9C50279C225DE4D1007B7E9F /* BSearch.h */ = {isa = PBXFileReference; lastKnownFileType = sourcecode.c.h; path = BSearch.h; sourceTree = "<group>"; };
		9C50279D225DE4D1007B7E9F /* BSearch.m */ = {isa = PBXFileReference; lastKnownFileType = sourcecode.c.objc; path = BSearch.m; sourceTree = "<group>"; };
/* End PBXFileReference section */

/* Begin PBXFrameworksBuildPhase section */
		9C502752225D8C10007B7E9F /* Frameworks */ = {
			isa = PBXFrameworksBuildPhase;
			buildActionMask = 2147483647;
			files = (
			);
			runOnlyForDeploymentPostprocessing = 0;
		};
		9C50276A225D8C12007B7E9F /* Frameworks */ = {
			isa = PBXFrameworksBuildPhase;
			buildActionMask = 2147483647;
			files = (
			);
			runOnlyForDeploymentPostprocessing = 0;
		};
		9C502775225D8C12007B7E9F /* Frameworks */ = {
			isa = PBXFrameworksBuildPhase;
			buildActionMask = 2147483647;
			files = (
			);
			runOnlyForDeploymentPostprocessing = 0;
		};
/* End PBXFrameworksBuildPhase section */

/* Begin PBXGroup section */
		9C4E3AB4226199050017FC74 /* LeetCode */ = {
			isa = PBXGroup;
			children = (
				9C4E3AB82261A3520017FC74 /* LengthOfLongestSubstring_Medium_3.h */,
				9C4E3AB92261A3520017FC74 /* LengthOfLongestSubstring_Medium_3.m */,
				9C4E3ABC2261A8DE0017FC74 /* Flatten2DVector_mudium_251.h */,
				9C4E3ABD2261A8DE0017FC74 /* Flatten2DVector_mudium_251.m */,
				9C4E3ABF2261AE410017FC74 /* DetectLinkListCircle_medium_142.h */,
				9C4E3AC02261AE410017FC74 /* DetectLinkListCircle_medium_142.m */,
			);
			path = LeetCode;
			sourceTree = "<group>";
		};
		9C4E3ABB2261A3F80017FC74 /* Some More */ = {
			isa = PBXGroup;
			children = (
			);
			path = "Some More";
			sourceTree = "<group>";
		};
		9C50274C225D8C10007B7E9F = {
			isa = PBXGroup;
			children = (
				9C502757225D8C10007B7E9F /* MyAlgorithmPractice */,
				9C502770225D8C12007B7E9F /* MyAlgorithmPracticeTests */,
				9C50277B225D8C12007B7E9F /* MyAlgorithmPracticeUITests */,
				9C502756225D8C10007B7E9F /* Products */,
			);
			sourceTree = "<group>";
		};
		9C502756225D8C10007B7E9F /* Products */ = {
			isa = PBXGroup;
			children = (
				9C502755225D8C10007B7E9F /* MyAlgorithmPractice.app */,
				9C50276D225D8C12007B7E9F /* MyAlgorithmPracticeTests.xctest */,
				9C502778225D8C12007B7E9F /* MyAlgorithmPracticeUITests.xctest */,
			);
			name = Products;
			sourceTree = "<group>";
		};
		9C502757225D8C10007B7E9F /* MyAlgorithmPractice */ = {
			isa = PBXGroup;
			children = (
				9C4E3ABB2261A3F80017FC74 /* Some More */,
				9C4E3AB4226199050017FC74 /* LeetCode */,
				9C502797225D97AD007B7E9F /* Util */,
				9C502793225D8F5A007B7E9F /* 数组和链表 */,
				9C502792225D8F54007B7E9F /* 查找 */,
				9C50278A225D8DF2007B7E9F /* 排序 */,
				9C502758225D8C10007B7E9F /* AppDelegate.h */,
				9C502759225D8C10007B7E9F /* AppDelegate.m */,
				9C50275B225D8C10007B7E9F /* ViewController.h */,
				9C50275C225D8C10007B7E9F /* ViewController.m */,
				9C50275E225D8C10007B7E9F /* Main.storyboard */,
				9C502761225D8C12007B7E9F /* Assets.xcassets */,
				9C502763225D8C12007B7E9F /* LaunchScreen.storyboard */,
				9C502766225D8C12007B7E9F /* Info.plist */,
				9C502767225D8C12007B7E9F /* main.m */,
				9C50279B225DABBF007B7E9F /* PrefixHeader.pch */,
				9C502791225D8ED1007B7E9F /* ArrayDealer.h */,
			);
			path = MyAlgorithmPractice;
			sourceTree = "<group>";
		};
		9C502770225D8C12007B7E9F /* MyAlgorithmPracticeTests */ = {
			isa = PBXGroup;
			children = (
				9C502771225D8C12007B7E9F /* MyAlgorithmPracticeTests.m */,
				9C502773225D8C12007B7E9F /* Info.plist */,
			);
			path = MyAlgorithmPracticeTests;
			sourceTree = "<group>";
		};
		9C50277B225D8C12007B7E9F /* MyAlgorithmPracticeUITests */ = {
			isa = PBXGroup;
			children = (
				9C50277C225D8C12007B7E9F /* MyAlgorithmPracticeUITests.m */,
				9C50277E225D8C12007B7E9F /* Info.plist */,
			);
			path = MyAlgorithmPracticeUITests;
			sourceTree = "<group>";
		};
		9C50278A225D8DF2007B7E9F /* 排序 */ = {
			isa = PBXGroup;
			children = (
				9C50278B225D8E34007B7E9F /* QuickSort.h */,
				9C50278C225D8E34007B7E9F /* QuickSort.m */,
				9C50278E225D8E44007B7E9F /* MergeSort.h */,
				9C50278F225D8E44007B7E9F /* MergeSort.m */,
				9C502794225D94A7007B7E9F /* InsertSort.h */,
				9C502795225D94A7007B7E9F /* InsertSort.m */,
			);
			path = "排序";
			sourceTree = "<group>";
		};
		9C502792225D8F54007B7E9F /* 查找 */ = {
			isa = PBXGroup;
			children = (
				9C50279C225DE4D1007B7E9F /* BSearch.h */,
				9C50279D225DE4D1007B7E9F /* BSearch.m */,
			);
			path = "查找";
			sourceTree = "<group>";
		};
		9C502793225D8F5A007B7E9F /* 数组和链表 */ = {
			isa = PBXGroup;
			children = (
			);
			path = "数组和链表";
			sourceTree = "<group>";
		};
		9C502797225D97AD007B7E9F /* Util */ = {
			isa = PBXGroup;
			children = (
				9C502798225D97B4007B7E9F /* Util.h */,
				9C502799225D97B4007B7E9F /* Util.m */,
				9C4E3AC22261B12D0017FC74 /* LinkList.h */,
				9C4E3AC32261B12D0017FC74 /* LinkList.m */,
			);
			path = Util;
			sourceTree = "<group>";
		};
/* End PBXGroup section */

/* Begin PBXNativeTarget section */
		9C502754225D8C10007B7E9F /* MyAlgorithmPractice */ = {
			isa = PBXNativeTarget;
			buildConfigurationList = 9C502781225D8C12007B7E9F /* Build configuration list for PBXNativeTarget "MyAlgorithmPractice" */;
			buildPhases = (
				9C502751225D8C10007B7E9F /* Sources */,
				9C502752225D8C10007B7E9F /* Frameworks */,
				9C502753225D8C10007B7E9F /* Resources */,
			);
			buildRules = (
			);
			dependencies = (
			);
			name = MyAlgorithmPractice;
			productName = MyAlgorithmPractice;
			productReference = 9C502755225D8C10007B7E9F /* MyAlgorithmPractice.app */;
			productType = "com.apple.product-type.application";
		};
		9C50276C225D8C12007B7E9F /* MyAlgorithmPracticeTests */ = {
			isa = PBXNativeTarget;
			buildConfigurationList = 9C502784225D8C12007B7E9F /* Build configuration list for PBXNativeTarget "MyAlgorithmPracticeTests" */;
			buildPhases = (
				9C502769225D8C12007B7E9F /* Sources */,
				9C50276A225D8C12007B7E9F /* Frameworks */,
				9C50276B225D8C12007B7E9F /* Resources */,
			);
			buildRules = (
			);
			dependencies = (
				9C50276F225D8C12007B7E9F /* PBXTargetDependency */,
			);
			name = MyAlgorithmPracticeTests;
			productName = MyAlgorithmPracticeTests;
			productReference = 9C50276D225D8C12007B7E9F /* MyAlgorithmPracticeTests.xctest */;
			productType = "com.apple.product-type.bundle.unit-test";
		};
		9C502777225D8C12007B7E9F /* MyAlgorithmPracticeUITests */ = {
			isa = PBXNativeTarget;
			buildConfigurationList = 9C502787225D8C12007B7E9F /* Build configuration list for PBXNativeTarget "MyAlgorithmPracticeUITests" */;
			buildPhases = (
				9C502774225D8C12007B7E9F /* Sources */,
				9C502775225D8C12007B7E9F /* Frameworks */,
				9C502776225D8C12007B7E9F /* Resources */,
			);
			buildRules = (
			);
			dependencies = (
				9C50277A225D8C12007B7E9F /* PBXTargetDependency */,
			);
			name = MyAlgorithmPracticeUITests;
			productName = MyAlgorithmPracticeUITests;
			productReference = 9C502778225D8C12007B7E9F /* MyAlgorithmPracticeUITests.xctest */;
			productType = "com.apple.product-type.bundle.ui-testing";
		};
/* End PBXNativeTarget section */

/* Begin PBXProject section */
		9C50274D225D8C10007B7E9F /* Project object */ = {
			isa = PBXProject;
			attributes = {
				LastUpgradeCheck = 1010;
				ORGANIZATIONNAME = liyingpeng;
				TargetAttributes = {
					9C502754225D8C10007B7E9F = {
						CreatedOnToolsVersion = 10.1;
					};
					9C50276C225D8C12007B7E9F = {
						CreatedOnToolsVersion = 10.1;
						TestTargetID = 9C502754225D8C10007B7E9F;
					};
					9C502777225D8C12007B7E9F = {
						CreatedOnToolsVersion = 10.1;
						TestTargetID = 9C502754225D8C10007B7E9F;
					};
				};
			};
			buildConfigurationList = 9C502750225D8C10007B7E9F /* Build configuration list for PBXProject "MyAlgorithmPractice" */;
			compatibilityVersion = "Xcode 9.3";
			developmentRegion = en;
			hasScannedForEncodings = 0;
			knownRegions = (
				en,
				Base,
			);
			mainGroup = 9C50274C225D8C10007B7E9F;
			productRefGroup = 9C502756225D8C10007B7E9F /* Products */;
			projectDirPath = "";
			projectRoot = "";
			targets = (
				9C502754225D8C10007B7E9F /* MyAlgorithmPractice */,
				9C50276C225D8C12007B7E9F /* MyAlgorithmPracticeTests */,
				9C502777225D8C12007B7E9F /* MyAlgorithmPracticeUITests */,
			);
		};
/* End PBXProject section */

/* Begin PBXResourcesBuildPhase section */
		9C502753225D8C10007B7E9F /* Resources */ = {
			isa = PBXResourcesBuildPhase;
			buildActionMask = 2147483647;
			files = (
				9C502765225D8C12007B7E9F /* LaunchScreen.storyboard in Resources */,
				9C502762225D8C12007B7E9F /* Assets.xcassets in Resources */,
				9C502760225D8C10007B7E9F /* Main.storyboard in Resources */,
			);
			runOnlyForDeploymentPostprocessing = 0;
		};
		9C50276B225D8C12007B7E9F /* Resources */ = {
			isa = PBXResourcesBuildPhase;
			buildActionMask = 2147483647;
			files = (
			);
			runOnlyForDeploymentPostprocessing = 0;
		};
		9C502776225D8C12007B7E9F /* Resources */ = {
			isa = PBXResourcesBuildPhase;
			buildActionMask = 2147483647;
			files = (
			);
			runOnlyForDeploymentPostprocessing = 0;
		};
/* End PBXResourcesBuildPhase section */

/* Begin PBXSourcesBuildPhase section */
		9C502751225D8C10007B7E9F /* Sources */ = {
			isa = PBXSourcesBuildPhase;
			buildActionMask = 2147483647;
			files = (
				9C4E3AC12261AE410017FC74 /* DetectLinkListCircle_medium_142.m in Sources */,
				9C502790225D8E44007B7E9F /* MergeSort.m in Sources */,
				9C50275D225D8C10007B7E9F /* ViewController.m in Sources */,
				9C4E3AC42261B12D0017FC74 /* LinkList.m in Sources */,
				9C502768225D8C12007B7E9F /* main.m in Sources */,
				9C4E3ABE2261A8DE0017FC74 /* Flatten2DVector_mudium_251.m in Sources */,
				9C4E3ABA2261A3520017FC74 /* LengthOfLongestSubstring_Medium_3.m in Sources */,
				9C50275A225D8C10007B7E9F /* AppDelegate.m in Sources */,
				9C50279E225DE4D1007B7E9F /* BSearch.m in Sources */,
				9C502796225D94A7007B7E9F /* InsertSort.m in Sources */,
				9C50279A225D97B4007B7E9F /* Util.m in Sources */,
				9C50278D225D8E34007B7E9F /* QuickSort.m in Sources */,
			);
			runOnlyForDeploymentPostprocessing = 0;
		};
		9C502769225D8C12007B7E9F /* Sources */ = {
			isa = PBXSourcesBuildPhase;
			buildActionMask = 2147483647;
			files = (
				9C502772225D8C12007B7E9F /* MyAlgorithmPracticeTests.m in Sources */,
			);
			runOnlyForDeploymentPostprocessing = 0;
		};
		9C502774225D8C12007B7E9F /* Sources */ = {
			isa = PBXSourcesBuildPhase;
			buildActionMask = 2147483647;
			files = (
				9C50277D225D8C12007B7E9F /* MyAlgorithmPracticeUITests.m in Sources */,
			);
			runOnlyForDeploymentPostprocessing = 0;
		};
/* End PBXSourcesBuildPhase section */

/* Begin PBXTargetDependency section */
		9C50276F225D8C12007B7E9F /* PBXTargetDependency */ = {
			isa = PBXTargetDependency;
			target = 9C502754225D8C10007B7E9F /* MyAlgorithmPractice */;
			targetProxy = 9C50276E225D8C12007B7E9F /* PBXContainerItemProxy */;
		};
		9C50277A225D8C12007B7E9F /* PBXTargetDependency */ = {
			isa = PBXTargetDependency;
			target = 9C502754225D8C10007B7E9F /* MyAlgorithmPractice */;
			targetProxy = 9C502779225D8C12007B7E9F /* PBXContainerItemProxy */;
		};
/* End PBXTargetDependency section */

/* Begin PBXVariantGroup section */
		9C50275E225D8C10007B7E9F /* Main.storyboard */ = {
			isa = PBXVariantGroup;
			children = (
				9C50275F225D8C10007B7E9F /* Base */,
			);
			name = Main.storyboard;
			sourceTree = "<group>";
		};
		9C502763225D8C12007B7E9F /* LaunchScreen.storyboard */ = {
			isa = PBXVariantGroup;
			children = (
				9C502764225D8C12007B7E9F /* Base */,
			);
			name = LaunchScreen.storyboard;
			sourceTree = "<group>";
		};
/* End PBXVariantGroup section */

/* Begin XCBuildConfiguration section */
		9C50277F225D8C12007B7E9F /* Debug */ = {
			isa = XCBuildConfiguration;
			buildSettings = {
				ALWAYS_SEARCH_USER_PATHS = NO;
				CLANG_ANALYZER_NONNULL = YES;
				CLANG_ANALYZER_NUMBER_OBJECT_CONVERSION = YES_AGGRESSIVE;
				CLANG_CXX_LANGUAGE_STANDARD = "gnu++14";
				CLANG_CXX_LIBRARY = "libc++";
				CLANG_ENABLE_MODULES = YES;
				CLANG_ENABLE_OBJC_ARC = YES;
				CLANG_ENABLE_OBJC_WEAK = YES;
				CLANG_WARN_BLOCK_CAPTURE_AUTORELEASING = YES;
				CLANG_WARN_BOOL_CONVERSION = YES;
				CLANG_WARN_COMMA = YES;
				CLANG_WARN_CONSTANT_CONVERSION = YES;
				CLANG_WARN_DEPRECATED_OBJC_IMPLEMENTATIONS = YES;
				CLANG_WARN_DIRECT_OBJC_ISA_USAGE = YES_ERROR;
				CLANG_WARN_DOCUMENTATION_COMMENTS = YES;
				CLANG_WARN_EMPTY_BODY = YES;
				CLANG_WARN_ENUM_CONVERSION = YES;
				CLANG_WARN_INFINITE_RECURSION = YES;
				CLANG_WARN_INT_CONVERSION = YES;
				CLANG_WARN_NON_LITERAL_NULL_CONVERSION = YES;
				CLANG_WARN_OBJC_IMPLICIT_RETAIN_SELF = YES;
				CLANG_WARN_OBJC_LITERAL_CONVERSION = YES;
				CLANG_WARN_OBJC_ROOT_CLASS = YES_ERROR;
				CLANG_WARN_RANGE_LOOP_ANALYSIS = YES;
				CLANG_WARN_STRICT_PROTOTYPES = YES;
				CLANG_WARN_SUSPICIOUS_MOVE = YES;
				CLANG_WARN_UNGUARDED_AVAILABILITY = YES_AGGRESSIVE;
				CLANG_WARN_UNREACHABLE_CODE = YES;
				CLANG_WARN__DUPLICATE_METHOD_MATCH = YES;
				CODE_SIGN_IDENTITY = "iPhone Developer";
				COPY_PHASE_STRIP = NO;
				DEBUG_INFORMATION_FORMAT = dwarf;
				ENABLE_STRICT_OBJC_MSGSEND = YES;
				ENABLE_TESTABILITY = YES;
				GCC_C_LANGUAGE_STANDARD = gnu11;
				GCC_DYNAMIC_NO_PIC = NO;
				GCC_NO_COMMON_BLOCKS = YES;
				GCC_OPTIMIZATION_LEVEL = 0;
				GCC_PREPROCESSOR_DEFINITIONS = (
					"DEBUG=1",
					"$(inherited)",
				);
				GCC_WARN_64_TO_32_BIT_CONVERSION = YES;
				GCC_WARN_ABOUT_RETURN_TYPE = YES_ERROR;
				GCC_WARN_UNDECLARED_SELECTOR = YES;
				GCC_WARN_UNINITIALIZED_AUTOS = YES_AGGRESSIVE;
				GCC_WARN_UNUSED_FUNCTION = YES;
				GCC_WARN_UNUSED_VARIABLE = YES;
				IPHONEOS_DEPLOYMENT_TARGET = 12.1;
				MTL_ENABLE_DEBUG_INFO = INCLUDE_SOURCE;
				MTL_FAST_MATH = YES;
				ONLY_ACTIVE_ARCH = YES;
				SDKROOT = iphoneos;
			};
			name = Debug;
		};
		9C502780225D8C12007B7E9F /* Release */ = {
			isa = XCBuildConfiguration;
			buildSettings = {
				ALWAYS_SEARCH_USER_PATHS = NO;
				CLANG_ANALYZER_NONNULL = YES;
				CLANG_ANALYZER_NUMBER_OBJECT_CONVERSION = YES_AGGRESSIVE;
				CLANG_CXX_LANGUAGE_STANDARD = "gnu++14";
				CLANG_CXX_LIBRARY = "libc++";
				CLANG_ENABLE_MODULES = YES;
				CLANG_ENABLE_OBJC_ARC = YES;
				CLANG_ENABLE_OBJC_WEAK = YES;
				CLANG_WARN_BLOCK_CAPTURE_AUTORELEASING = YES;
				CLANG_WARN_BOOL_CONVERSION = YES;
				CLANG_WARN_COMMA = YES;
				CLANG_WARN_CONSTANT_CONVERSION = YES;
				CLANG_WARN_DEPRECATED_OBJC_IMPLEMENTATIONS = YES;
				CLANG_WARN_DIRECT_OBJC_ISA_USAGE = YES_ERROR;
				CLANG_WARN_DOCUMENTATION_COMMENTS = YES;
				CLANG_WARN_EMPTY_BODY = YES;
				CLANG_WARN_ENUM_CONVERSION = YES;
				CLANG_WARN_INFINITE_RECURSION = YES;
				CLANG_WARN_INT_CONVERSION = YES;
				CLANG_WARN_NON_LITERAL_NULL_CONVERSION = YES;
				CLANG_WARN_OBJC_IMPLICIT_RETAIN_SELF = YES;
				CLANG_WARN_OBJC_LITERAL_CONVERSION = YES;
				CLANG_WARN_OBJC_ROOT_CLASS = YES_ERROR;
				CLANG_WARN_RANGE_LOOP_ANALYSIS = YES;
				CLANG_WARN_STRICT_PROTOTYPES = YES;
				CLANG_WARN_SUSPICIOUS_MOVE = YES;
				CLANG_WARN_UNGUARDED_AVAILABILITY = YES_AGGRESSIVE;
				CLANG_WARN_UNREACHABLE_CODE = YES;
				CLANG_WARN__DUPLICATE_METHOD_MATCH = YES;
				CODE_SIGN_IDENTITY = "iPhone Developer";
				COPY_PHASE_STRIP = NO;
				DEBUG_INFORMATION_FORMAT = "dwarf-with-dsym";
				ENABLE_NS_ASSERTIONS = NO;
				ENABLE_STRICT_OBJC_MSGSEND = YES;
				GCC_C_LANGUAGE_STANDARD = gnu11;
				GCC_NO_COMMON_BLOCKS = YES;
				GCC_WARN_64_TO_32_BIT_CONVERSION = YES;
				GCC_WARN_ABOUT_RETURN_TYPE = YES_ERROR;
				GCC_WARN_UNDECLARED_SELECTOR = YES;
				GCC_WARN_UNINITIALIZED_AUTOS = YES_AGGRESSIVE;
				GCC_WARN_UNUSED_FUNCTION = YES;
				GCC_WARN_UNUSED_VARIABLE = YES;
				IPHONEOS_DEPLOYMENT_TARGET = 12.1;
				MTL_ENABLE_DEBUG_INFO = NO;
				MTL_FAST_MATH = YES;
				SDKROOT = iphoneos;
				VALIDATE_PRODUCT = YES;
			};
			name = Release;
		};
		9C502782225D8C12007B7E9F /* Debug */ = {
			isa = XCBuildConfiguration;
			buildSettings = {
				ASSETCATALOG_COMPILER_APPICON_NAME = AppIcon;
				CODE_SIGN_STYLE = Automatic;
				DEVELOPMENT_TEAM = 79QY86JU23;
				GCC_PREFIX_HEADER = "$(SRCROOT)/MyAlgorithmPractice/PrefixHeader.pch";
				INFOPLIST_FILE = MyAlgorithmPractice/Info.plist;
				LD_RUNPATH_SEARCH_PATHS = (
					"$(inherited)",
					"@executable_path/Frameworks",
				);
				PRODUCT_BUNDLE_IDENTIFIER = www.test.me.MyAlgorithmPractice;
				PRODUCT_NAME = "$(TARGET_NAME)";
				TARGETED_DEVICE_FAMILY = "1,2";
			};
			name = Debug;
		};
		9C502783225D8C12007B7E9F /* Release */ = {
			isa = XCBuildConfiguration;
			buildSettings = {
				ASSETCATALOG_COMPILER_APPICON_NAME = AppIcon;
				CODE_SIGN_STYLE = Automatic;
				DEVELOPMENT_TEAM = 79QY86JU23;
				GCC_PREFIX_HEADER = "$(SRCROOT)/MyAlgorithmPractice/PrefixHeader.pch";
				INFOPLIST_FILE = MyAlgorithmPractice/Info.plist;
				LD_RUNPATH_SEARCH_PATHS = (
					"$(inherited)",
					"@executable_path/Frameworks",
				);
				PRODUCT_BUNDLE_IDENTIFIER = www.test.me.MyAlgorithmPractice;
				PRODUCT_NAME = "$(TARGET_NAME)";
				TARGETED_DEVICE_FAMILY = "1,2";
			};
			name = Release;
		};
		9C502785225D8C12007B7E9F /* Debug */ = {
			isa = XCBuildConfiguration;
			buildSettings = {
				BUNDLE_LOADER = "$(TEST_HOST)";
				CODE_SIGN_STYLE = Automatic;
				DEVELOPMENT_TEAM = 79QY86JU23;
				INFOPLIST_FILE = MyAlgorithmPracticeTests/Info.plist;
				LD_RUNPATH_SEARCH_PATHS = (
					"$(inherited)",
					"@executable_path/Frameworks",
					"@loader_path/Frameworks",
				);
				PRODUCT_BUNDLE_IDENTIFIER = www.test.me.MyAlgorithmPracticeTests;
				PRODUCT_NAME = "$(TARGET_NAME)";
				TARGETED_DEVICE_FAMILY = "1,2";
				TEST_HOST = "$(BUILT_PRODUCTS_DIR)/MyAlgorithmPractice.app/MyAlgorithmPractice";
			};
			name = Debug;
		};
		9C502786225D8C12007B7E9F /* Release */ = {
			isa = XCBuildConfiguration;
			buildSettings = {
				BUNDLE_LOADER = "$(TEST_HOST)";
				CODE_SIGN_STYLE = Automatic;
				DEVELOPMENT_TEAM = 79QY86JU23;
				INFOPLIST_FILE = MyAlgorithmPracticeTests/Info.plist;
				LD_RUNPATH_SEARCH_PATHS = (
					"$(inherited)",
					"@executable_path/Frameworks",
					"@loader_path/Frameworks",
				);
				PRODUCT_BUNDLE_IDENTIFIER = www.test.me.MyAlgorithmPracticeTests;
				PRODUCT_NAME = "$(TARGET_NAME)";
				TARGETED_DEVICE_FAMILY = "1,2";
				TEST_HOST = "$(BUILT_PRODUCTS_DIR)/MyAlgorithmPractice.app/MyAlgorithmPractice";
			};
			name = Release;
		};
		9C502788225D8C12007B7E9F /* Debug */ = {
			isa = XCBuildConfiguration;
			buildSettings = {
				CODE_SIGN_STYLE = Automatic;
				DEVELOPMENT_TEAM = 79QY86JU23;
				INFOPLIST_FILE = MyAlgorithmPracticeUITests/Info.plist;
				LD_RUNPATH_SEARCH_PATHS = (
					"$(inherited)",
					"@executable_path/Frameworks",
					"@loader_path/Frameworks",
				);
				PRODUCT_BUNDLE_IDENTIFIER = www.test.me.MyAlgorithmPracticeUITests;
				PRODUCT_NAME = "$(TARGET_NAME)";
				TARGETED_DEVICE_FAMILY = "1,2";
				TEST_TARGET_NAME = MyAlgorithmPractice;
			};
			name = Debug;
		};
		9C502789225D8C12007B7E9F /* Release */ = {
			isa = XCBuildConfiguration;
			buildSettings = {
				CODE_SIGN_STYLE = Automatic;
				DEVELOPMENT_TEAM = 79QY86JU23;
				INFOPLIST_FILE = MyAlgorithmPracticeUITests/Info.plist;
				LD_RUNPATH_SEARCH_PATHS = (
					"$(inherited)",
					"@executable_path/Frameworks",
					"@loader_path/Frameworks",
				);
				PRODUCT_BUNDLE_IDENTIFIER = www.test.me.MyAlgorithmPracticeUITests;
				PRODUCT_NAME = "$(TARGET_NAME)";
				TARGETED_DEVICE_FAMILY = "1,2";
				TEST_TARGET_NAME = MyAlgorithmPractice;
			};
			name = Release;
		};
/* End XCBuildConfiguration section */

/* Begin XCConfigurationList section */
		9C502750225D8C10007B7E9F /* Build configuration list for PBXProject "MyAlgorithmPractice" */ = {
			isa = XCConfigurationList;
			buildConfigurations = (
				9C50277F225D8C12007B7E9F /* Debug */,
				9C502780225D8C12007B7E9F /* Release */,
			);
			defaultConfigurationIsVisible = 0;
			defaultConfigurationName = Release;
		};
		9C502781225D8C12007B7E9F /* Build configuration list for PBXNativeTarget "MyAlgorithmPractice" */ = {
			isa = XCConfigurationList;
			buildConfigurations = (
				9C502782225D8C12007B7E9F /* Debug */,
				9C502783225D8C12007B7E9F /* Release */,
			);
			defaultConfigurationIsVisible = 0;
			defaultConfigurationName = Release;
		};
		9C502784225D8C12007B7E9F /* Build configuration list for PBXNativeTarget "MyAlgorithmPracticeTests" */ = {
			isa = XCConfigurationList;
			buildConfigurations = (
				9C502785225D8C12007B7E9F /* Debug */,
				9C502786225D8C12007B7E9F /* Release */,
			);
			defaultConfigurationIsVisible = 0;
			defaultConfigurationName = Release;
		};
		9C502787225D8C12007B7E9F /* Build configuration list for PBXNativeTarget "MyAlgorithmPracticeUITests" */ = {
			isa = XCConfigurationList;
			buildConfigurations = (
				9C502788225D8C12007B7E9F /* Debug */,
				9C502789225D8C12007B7E9F /* Release */,
			);
			defaultConfigurationIsVisible = 0;
			defaultConfigurationName = Release;
		};
/* End XCConfigurationList section */
	};
	rootObject = 9C50274D225D8C10007B7E9F /* Project object */;
}
